
Microsoft Visual Studio Solution File, Format Version 12.00
# Visual Studio Version 16
VisualStudioVersion = 16.0.28804.136
MinimumVisualStudioVersion = 10.0.40219.1
Project("{FAE04EC0-301F-11D3-BF4B-00C04F79EFBC}") = "WebApplication2", "WebApplication2\WebApplication2.csproj", "{253D6BCD-E642-475B-BC6F-948CE4B91C8F}"
EndProject
Global
	GlobalSection(SolutionConfigurationPlatforms) = preSolution
		Debug|Any CPU = Debug|Any CPU
		Release|Any CPU = Release|Any CPU
	EndGlobalSection
	GlobalSection(ProjectConfigurationPlatforms) = postSolution
		{253D6BCD-E642-475B-BC6F-948CE4B91C8F}.Debug|Any CPU.ActiveCfg = Debug|Any CPU
		{253D6BCD-E642-475B-BC6F-948CE4B91C8F}.Debug|Any CPU.Build.0 = Debug|Any CPU
		{253D6BCD-E642-475B-BC6F-948CE4B91C8F}.Release|Any CPU.ActiveCfg = Release|Any CPU
		{253D6BCD-E642-475B-BC6F-948CE4B91C8F}.Release|Any CPU.Build.0 = Release|Any CPU
	EndGlobalSection
	GlobalSection(SolutionProperties) = preSolution
		HideSolutionNode = FALSE
	EndGlobalSection
	GlobalSection(ExtensibilityGlobals) = postSolution
		SolutionGuid = {212258D8-CACF-45F3-A70F-4C919FDE9A92}
	EndGlobalSection
EndGlobal
